
Microsoft Visual Studio Solution File, Format Version 12.00
# Visual Studio 2013
VisualStudioVersion = 12.0.31101.0
MinimumVisualStudioVersion = 10.0.40219.1
Project("{FAE04EC0-301F-11D3-BF4B-00C04F79EFBC}") = "RuleOfThree", "RuleOfThree\RuleOfThree\RuleOfThree.csproj", "{4A804243-348F-4728-9416-E69D39820532}"
EndProject
Project("{FAE04EC0-301F-11D3-BF4B-00C04F79EFBC}") = "RuleOfThree.iOS", "RuleOfThree\RuleOfThree.iOS\RuleOfThree.iOS.csproj", "{FC167111-58F9-41CE-B75C-28BC2B4B4173}"
EndProject
Project("{FAE04EC0-301F-11D3-BF4B-00C04F79EFBC}") = "RuleOfThree.Droid", "RuleOfThree\RuleOfThree.Droid\RuleOfThree.Droid.csproj", "{337CE0A6-C724-4BF5-AAEB-FFCEC0743C62}"
EndProject
Project("{FAE04EC0-301F-11D3-BF4B-00C04F79EFBC}") = "RuleOfThree.WinPhone", "RuleOfThree\RuleOfThree.WinPhone\RuleOfThree.WinPhone.csproj", "{366224DC-C4AB-4E3D-A1F1-E412A671A035}"
EndProject
Global
	GlobalSection(SolutionConfigurationPlatforms) = preSolution
		Ad-Hoc|Any CPU = Ad-Hoc|Any CPU
		Ad-Hoc|ARM = Ad-Hoc|ARM
		Ad-Hoc|iPhone = Ad-Hoc|iPhone
		Ad-Hoc|iPhoneSimulator = Ad-Hoc|iPhoneSimulator
		Ad-Hoc|Mixed Platforms = Ad-Hoc|Mixed Platforms
		Ad-Hoc|x86 = Ad-Hoc|x86
		AppStore|Any CPU = AppStore|Any CPU
		AppStore|ARM = AppStore|ARM
		AppStore|iPhone = AppStore|iPhone
		AppStore|iPhoneSimulator = AppStore|iPhoneSimulator
		AppStore|Mixed Platforms = AppStore|Mixed Platforms
		AppStore|x86 = AppStore|x86
		Debug|Any CPU = Debug|Any CPU
		Debug|ARM = Debug|ARM
		Debug|iPhone = Debug|iPhone
		Debug|iPhoneSimulator = Debug|iPhoneSimulator
		Debug|Mixed Platforms = Debug|Mixed Platforms
		Debug|x86 = Debug|x86
		Release|Any CPU = Release|Any CPU
		Release|ARM = Release|ARM
		Release|iPhone = Release|iPhone
		Release|iPhoneSimulator = Release|iPhoneSimulator
		Release|Mixed Platforms = Release|Mixed Platforms
		Release|x86 = Release|x86
	EndGlobalSection
	GlobalSection(ProjectConfigurationPlatforms) = postSolution
		{4A804243-348F-4728-9416-E69D39820532}.Ad-Hoc|Any CPU.ActiveCfg = Release|Any CPU
		{4A804243-348F-4728-9416-E69D39820532}.Ad-Hoc|Any CPU.Build.0 = Release|Any CPU
		{4A804243-348F-4728-9416-E69D39820532}.Ad-Hoc|ARM.ActiveCfg = Release|Any CPU
		{4A804243-348F-4728-9416-E69D39820532}.Ad-Hoc|iPhone.ActiveCfg = Release|Any CPU
		{4A804243-348F-4728-9416-E69D39820532}.Ad-Hoc|iPhoneSimulator.ActiveCfg = Release|Any CPU
		{4A804243-348F-4728-9416-E69D39820532}.Ad-Hoc|Mixed Platforms.ActiveCfg = Release|Any CPU
		{4A804243-348F-4728-9416-E69D39820532}.Ad-Hoc|Mixed Platforms.Build.0 = Release|Any CPU
		{4A804243-348F-4728-9416-E69D39820532}.Ad-Hoc|x86.ActiveCfg = Release|Any CPU
		{4A804243-348F-4728-9416-E69D39820532}.AppStore|Any CPU.ActiveCfg = Release|Any CPU
		{4A804243-348F-4728-9416-E69D39820532}.AppStore|Any CPU.Build.0 = Release|Any CPU
		{4A804243-348F-4728-9416-E69D39820532}.AppStore|ARM.ActiveCfg = Release|Any CPU
		{4A804243-348F-4728-9416-E69D39820532}.AppStore|iPhone.ActiveCfg = Release|Any CPU
		{4A804243-348F-4728-9416-E69D39820532}.AppStore|iPhoneSimulator.ActiveCfg = Release|Any CPU
		{4A804243-348F-4728-9416-E69D39820532}.AppStore|Mixed Platforms.ActiveCfg = Release|Any CPU
		{4A804243-348F-4728-9416-E69D39820532}.AppStore|Mixed Platforms.Build.0 = Release|Any CPU
		{4A804243-348F-4728-9416-E69D39820532}.AppStore|x86.ActiveCfg = Release|Any CPU
		{4A804243-348F-4728-9416-E69D39820532}.Debug|Any CPU.ActiveCfg = Debug|Any CPU
		{4A804243-348F-4728-9416-E69D39820532}.Debug|Any CPU.Build.0 = Debug|Any CPU
		{4A804243-348F-4728-9416-E69D39820532}.Debug|ARM.ActiveCfg = Debug|Any CPU
		{4A804243-348F-4728-9416-E69D39820532}.Debug|iPhone.ActiveCfg = Debug|Any CPU
		{4A804243-348F-4728-9416-E69D39820532}.Debug|iPhone.Build.0 = Debug|Any CPU
		{4A804243-348F-4728-9416-E69D39820532}.Debug|iPhoneSimulator.ActiveCfg = Debug|Any CPU
		{4A804243-348F-4728-9416-E69D39820532}.Debug|iPhoneSimulator.Build.0 = Debug|Any CPU
		{4A804243-348F-4728-9416-E69D39820532}.Debug|Mixed Platforms.ActiveCfg = Debug|Any CPU
		{4A804243-348F-4728-9416-E69D39820532}.Debug|Mixed Platforms.Build.0 = Debug|Any CPU
		{4A804243-348F-4728-9416-E69D39820532}.Debug|x86.ActiveCfg = Debug|Any CPU
		{4A804243-348F-4728-9416-E69D39820532}.Release|Any CPU.ActiveCfg = Release|Any CPU
		{4A804243-348F-4728-9416-E69D39820532}.Release|Any CPU.Build.0 = Release|Any CPU
		{4A804243-348F-4728-9416-E69D39820532}.Release|ARM.ActiveCfg = Release|Any CPU
		{4A804243-348F-4728-9416-E69D39820532}.Release|iPhone.ActiveCfg = Release|Any CPU
		{4A804243-348F-4728-9416-E69D39820532}.Release|iPhoneSimulator.ActiveCfg = Release|Any CPU
		{4A804243-348F-4728-9416-E69D39820532}.Release|Mixed Platforms.ActiveCfg = Release|Any CPU
		{4A804243-348F-4728-9416-E69D39820532}.Release|Mixed Platforms.Build.0 = Release|Any CPU
		{4A804243-348F-4728-9416-E69D39820532}.Release|x86.ActiveCfg = Release|Any CPU
		{FC167111-58F9-41CE-B75C-28BC2B4B4173}.Ad-Hoc|Any CPU.ActiveCfg = Ad-Hoc|iPhone
		{FC167111-58F9-41CE-B75C-28BC2B4B4173}.Ad-Hoc|ARM.ActiveCfg = Ad-Hoc|iPhone
		{FC167111-58F9-41CE-B75C-28BC2B4B4173}.Ad-Hoc|iPhone.ActiveCfg = Ad-Hoc|iPhone
		{FC167111-58F9-41CE-B75C-28BC2B4B4173}.Ad-Hoc|iPhone.Build.0 = Ad-Hoc|iPhone
		{FC167111-58F9-41CE-B75C-28BC2B4B4173}.Ad-Hoc|iPhoneSimulator.ActiveCfg = Ad-Hoc|iPhoneSimulator
		{FC167111-58F9-41CE-B75C-28BC2B4B4173}.Ad-Hoc|iPhoneSimulator.Build.0 = Ad-Hoc|iPhoneSimulator
		{FC167111-58F9-41CE-B75C-28BC2B4B4173}.Ad-Hoc|Mixed Platforms.ActiveCfg = Ad-Hoc|iPhone
		{FC167111-58F9-41CE-B75C-28BC2B4B4173}.Ad-Hoc|Mixed Platforms.Build.0 = Ad-Hoc|iPhone
		{FC167111-58F9-41CE-B75C-28BC2B4B4173}.Ad-Hoc|x86.ActiveCfg = Ad-Hoc|iPhone
		{FC167111-58F9-41CE-B75C-28BC2B4B4173}.AppStore|Any CPU.ActiveCfg = AppStore|iPhone
		{FC167111-58F9-41CE-B75C-28BC2B4B4173}.AppStore|ARM.ActiveCfg = AppStore|iPhone
		{FC167111-58F9-41CE-B75C-28BC2B4B4173}.AppStore|iPhone.ActiveCfg = AppStore|iPhone
		{FC167111-58F9-41CE-B75C-28BC2B4B4173}.AppStore|iPhone.Build.0 = AppStore|iPhone
		{FC167111-58F9-41CE-B75C-28BC2B4B4173}.AppStore|iPhoneSimulator.ActiveCfg = AppStore|iPhoneSimulator
		{FC167111-58F9-41CE-B75C-28BC2B4B4173}.AppStore|iPhoneSimulator.Build.0 = AppStore|iPhoneSimulator
		{FC167111-58F9-41CE-B75C-28BC2B4B4173}.AppStore|Mixed Platforms.ActiveCfg = AppStore|iPhone
		{FC167111-58F9-41CE-B75C-28BC2B4B4173}.AppStore|Mixed Platforms.Build.0 = AppStore|iPhone
		{FC167111-58F9-41CE-B75C-28BC2B4B4173}.AppStore|x86.ActiveCfg = AppStore|iPhone
		{FC167111-58F9-41CE-B75C-28BC2B4B4173}.Debug|Any CPU.ActiveCfg = Debug|iPhone
		{FC167111-58F9-41CE-B75C-28BC2B4B4173}.Debug|ARM.ActiveCfg = Debug|iPhone
		{FC167111-58F9-41CE-B75C-28BC2B4B4173}.Debug|iPhone.ActiveCfg = Debug|iPhone
		{FC167111-58F9-41CE-B75C-28BC2B4B4173}.Debug|iPhone.Build.0 = Debug|iPhone
		{FC167111-58F9-41CE-B75C-28BC2B4B4173}.Debug|iPhoneSimulator.ActiveCfg = Debug|iPhoneSimulator
		{FC167111-58F9-41CE-B75C-28BC2B4B4173}.Debug|iPhoneSimulator.Build.0 = Debug|iPhoneSimulator
		{FC167111-58F9-41CE-B75C-28BC2B4B4173}.Debug|Mixed Platforms.ActiveCfg = Debug|iPhone
		{FC167111-58F9-41CE-B75C-28BC2B4B4173}.Debug|Mixed Platforms.Build.0 = Debug|iPhone
		{FC167111-58F9-41CE-B75C-28BC2B4B4173}.Debug|x86.ActiveCfg = Debug|iPhone
		{FC167111-58F9-41CE-B75C-28BC2B4B4173}.Release|Any CPU.ActiveCfg = Release|iPhone
		{FC167111-58F9-41CE-B75C-28BC2B4B4173}.Release|ARM.ActiveCfg = Release|iPhone
		{FC167111-58F9-41CE-B75C-28BC2B4B4173}.Release|iPhone.ActiveCfg = Release|iPhone
		{FC167111-58F9-41CE-B75C-28BC2B4B4173}.Release|iPhone.Build.0 = Release|iPhone
		{FC167111-58F9-41CE-B75C-28BC2B4B4173}.Release|iPhoneSimulator.ActiveCfg = Release|iPhoneSimulator
		{FC167111-58F9-41CE-B75C-28BC2B4B4173}.Release|iPhoneSimulator.Build.0 = Release|iPhoneSimulator
		{FC167111-58F9-41CE-B75C-28BC2B4B4173}.Release|Mixed Platforms.ActiveCfg = Release|iPhone
		{FC167111-58F9-41CE-B75C-28BC2B4B4173}.Release|Mixed Platforms.Build.0 = Release|iPhone
		{FC167111-58F9-41CE-B75C-28BC2B4B4173}.Release|x86.ActiveCfg = Release|iPhone
		{337CE0A6-C724-4BF5-AAEB-FFCEC0743C62}.Ad-Hoc|Any CPU.ActiveCfg = Release|Any CPU
		{337CE0A6-C724-4BF5-AAEB-FFCEC0743C62}.Ad-Hoc|Any CPU.Build.0 = Release|Any CPU
		{337CE0A6-C724-4BF5-AAEB-FFCEC0743C62}.Ad-Hoc|Any CPU.Deploy.0 = Release|Any CPU
		{337CE0A6-C724-4BF5-AAEB-FFCEC0743C62}.Ad-Hoc|ARM.ActiveCfg = Release|Any CPU
		{337CE0A6-C724-4BF5-AAEB-FFCEC0743C62}.Ad-Hoc|iPhone.ActiveCfg = Release|Any CPU
		{337CE0A6-C724-4BF5-AAEB-FFCEC0743C62}.Ad-Hoc|iPhoneSimulator.ActiveCfg = Release|Any CPU
		{337CE0A6-C724-4BF5-AAEB-FFCEC0743C62}.Ad-Hoc|Mixed Platforms.ActiveCfg = Release|Any CPU
		{337CE0A6-C724-4BF5-AAEB-FFCEC0743C62}.Ad-Hoc|Mixed Platforms.Build.0 = Release|Any CPU
		{337CE0A6-C724-4BF5-AAEB-FFCEC0743C62}.Ad-Hoc|Mixed Platforms.Deploy.0 = Release|Any CPU
		{337CE0A6-C724-4BF5-AAEB-FFCEC0743C62}.Ad-Hoc|x86.ActiveCfg = Release|Any CPU
		{337CE0A6-C724-4BF5-AAEB-FFCEC0743C62}.AppStore|Any CPU.ActiveCfg = Release|Any CPU
		{337CE0A6-C724-4BF5-AAEB-FFCEC0743C62}.AppStore|Any CPU.Build.0 = Release|Any CPU
		{337CE0A6-C724-4BF5-AAEB-FFCEC0743C62}.AppStore|Any CPU.Deploy.0 = Release|Any CPU
		{337CE0A6-C724-4BF5-AAEB-FFCEC0743C62}.AppStore|ARM.ActiveCfg = Release|Any CPU
		{337CE0A6-C724-4BF5-AAEB-FFCEC0743C62}.AppStore|iPhone.ActiveCfg = Release|Any CPU
		{337CE0A6-C724-4BF5-AAEB-FFCEC0743C62}.AppStore|iPhoneSimulator.ActiveCfg = Release|Any CPU
		{337CE0A6-C724-4BF5-AAEB-FFCEC0743C62}.AppStore|Mixed Platforms.ActiveCfg = Release|Any CPU
		{337CE0A6-C724-4BF5-AAEB-FFCEC0743C62}.AppStore|Mixed Platforms.Build.0 = Release|Any CPU
		{337CE0A6-C724-4BF5-AAEB-FFCEC0743C62}.AppStore|Mixed Platforms.Deploy.0 = Release|Any CPU
		{337CE0A6-C724-4BF5-AAEB-FFCEC0743C62}.AppStore|x86.ActiveCfg = Release|Any CPU
		{337CE0A6-C724-4BF5-AAEB-FFCEC0743C62}.Debug|Any CPU.ActiveCfg = Debug|Any CPU
		{337CE0A6-C724-4BF5-AAEB-FFCEC0743C62}.Debug|Any CPU.Build.0 = Debug|Any CPU
		{337CE0A6-C724-4BF5-AAEB-FFCEC0743C62}.Debug|Any CPU.Deploy.0 = Debug|Any CPU
		{337CE0A6-C724-4BF5-AAEB-FFCEC0743C62}.Debug|ARM.ActiveCfg = Debug|Any CPU
		{337CE0A6-C724-4BF5-AAEB-FFCEC0743C62}.Debug|iPhone.ActiveCfg = Debug|Any CPU
		{337CE0A6-C724-4BF5-AAEB-FFCEC0743C62}.Debug|iPhoneSimulator.ActiveCfg = Debug|Any CPU
		{337CE0A6-C724-4BF5-AAEB-FFCEC0743C62}.Debug|Mixed Platforms.ActiveCfg = Debug|Any CPU
		{337CE0A6-C724-4BF5-AAEB-FFCEC0743C62}.Debug|Mixed Platforms.Build.0 = Debug|Any CPU
		{337CE0A6-C724-4BF5-AAEB-FFCEC0743C62}.Debug|Mixed Platforms.Deploy.0 = Debug|Any CPU
		{337CE0A6-C724-4BF5-AAEB-FFCEC0743C62}.Debug|x86.ActiveCfg = Debug|Any CPU
		{337CE0A6-C724-4BF5-AAEB-FFCEC0743C62}.Release|Any CPU.ActiveCfg = Release|Any CPU
		{337CE0A6-C724-4BF5-AAEB-FFCEC0743C62}.Release|Any CPU.Build.0 = Release|Any CPU
		{337CE0A6-C724-4BF5-AAEB-FFCEC0743C62}.Release|Any CPU.Deploy.0 = Release|Any CPU
		{337CE0A6-C724-4BF5-AAEB-FFCEC0743C62}.Release|ARM.ActiveCfg = Release|Any CPU
		{337CE0A6-C724-4BF5-AAEB-FFCEC0743C62}.Release|iPhone.ActiveCfg = Release|Any CPU
		{337CE0A6-C724-4BF5-AAEB-FFCEC0743C62}.Release|iPhoneSimulator.ActiveCfg = Release|Any CPU
		{337CE0A6-C724-4BF5-AAEB-FFCEC0743C62}.Release|Mixed Platforms.ActiveCfg = Release|Any CPU
		{337CE0A6-C724-4BF5-AAEB-FFCEC0743C62}.Release|Mixed Platforms.Build.0 = Release|Any CPU
		{337CE0A6-C724-4BF5-AAEB-FFCEC0743C62}.Release|Mixed Platforms.Deploy.0 = Release|Any CPU
		{337CE0A6-C724-4BF5-AAEB-FFCEC0743C62}.Release|x86.ActiveCfg = Release|Any CPU
		{366224DC-C4AB-4E3D-A1F1-E412A671A035}.Ad-Hoc|Any CPU.ActiveCfg = Release|Any CPU
		{366224DC-C4AB-4E3D-A1F1-E412A671A035}.Ad-Hoc|Any CPU.Build.0 = Release|Any CPU
		{366224DC-C4AB-4E3D-A1F1-E412A671A035}.Ad-Hoc|Any CPU.Deploy.0 = Release|Any CPU
		{366224DC-C4AB-4E3D-A1F1-E412A671A035}.Ad-Hoc|ARM.ActiveCfg = Release|ARM
		{366224DC-C4AB-4E3D-A1F1-E412A671A035}.Ad-Hoc|ARM.Build.0 = Release|ARM
		{366224DC-C4AB-4E3D-A1F1-E412A671A035}.Ad-Hoc|ARM.Deploy.0 = Release|ARM
		{366224DC-C4AB-4E3D-A1F1-E412A671A035}.Ad-Hoc|iPhone.ActiveCfg = Release|Any CPU
		{366224DC-C4AB-4E3D-A1F1-E412A671A035}.Ad-Hoc|iPhoneSimulator.ActiveCfg = Release|Any CPU
		{366224DC-C4AB-4E3D-A1F1-E412A671A035}.Ad-Hoc|Mixed Platforms.ActiveCfg = Release|x86
		{366224DC-C4AB-4E3D-A1F1-E412A671A035}.Ad-Hoc|Mixed Platforms.Build.0 = Release|x86
		{366224DC-C4AB-4E3D-A1F1-E412A671A035}.Ad-Hoc|Mixed Platforms.Deploy.0 = Release|x86
		{366224DC-C4AB-4E3D-A1F1-E412A671A035}.Ad-Hoc|x86.ActiveCfg = Release|x86
		{366224DC-C4AB-4E3D-A1F1-E412A671A035}.Ad-Hoc|x86.Build.0 = Release|x86
		{366224DC-C4AB-4E3D-A1F1-E412A671A035}.Ad-Hoc|x86.Deploy.0 = Release|x86
		{366224DC-C4AB-4E3D-A1F1-E412A671A035}.AppStore|Any CPU.ActiveCfg = Release|Any CPU
		{366224DC-C4AB-4E3D-A1F1-E412A671A035}.AppStore|Any CPU.Build.0 = Release|Any CPU
		{366224DC-C4AB-4E3D-A1F1-E412A671A035}.AppStore|Any CPU.Deploy.0 = Release|Any CPU
		{366224DC-C4AB-4E3D-A1F1-E412A671A035}.AppStore|ARM.ActiveCfg = Release|ARM
		{366224DC-C4AB-4E3D-A1F1-E412A671A035}.AppStore|ARM.Build.0 = Release|ARM
		{366224DC-C4AB-4E3D-A1F1-E412A671A035}.AppStore|ARM.Deploy.0 = Release|ARM
		{366224DC-C4AB-4E3D-A1F1-E412A671A035}.AppStore|iPhone.ActiveCfg = Release|Any CPU
		{366224DC-C4AB-4E3D-A1F1-E412A671A035}.AppStore|iPhoneSimulator.ActiveCfg = Release|Any CPU
		{366224DC-C4AB-4E3D-A1F1-E412A671A035}.AppStore|Mixed Platforms.ActiveCfg = Release|x86
		{366224DC-C4AB-4E3D-A1F1-E412A671A035}.AppStore|Mixed Platforms.Build.0 = Release|x86
		{366224DC-C4AB-4E3D-A1F1-E412A671A035}.AppStore|Mixed Platforms.Deploy.0 = Release|x86
		{366224DC-C4AB-4E3D-A1F1-E412A671A035}.AppStore|x86.ActiveCfg = Release|x86
		{366224DC-C4AB-4E3D-A1F1-E412A671A035}.AppStore|x86.Build.0 = Release|x86
		{366224DC-C4AB-4E3D-A1F1-E412A671A035}.AppStore|x86.Deploy.0 = Release|x86
		{366224DC-C4AB-4E3D-A1F1-E412A671A035}.Debug|Any CPU.ActiveCfg = Debug|Any CPU
		{366224DC-C4AB-4E3D-A1F1-E412A671A035}.Debug|Any CPU.Build.0 = Debug|Any CPU
		{366224DC-C4AB-4E3D-A1F1-E412A671A035}.Debug|Any CPU.Deploy.0 = Debug|Any CPU
		{366224DC-C4AB-4E3D-A1F1-E412A671A035}.Debug|ARM.ActiveCfg = Debug|ARM
		{366224DC-C4AB-4E3D-A1F1-E412A671A035}.Debug|ARM.Build.0 = Debug|ARM
		{366224DC-C4AB-4E3D-A1F1-E412A671A035}.Debug|ARM.Deploy.0 = Debug|ARM
		{366224DC-C4AB-4E3D-A1F1-E412A671A035}.Debug|iPhone.ActiveCfg = Debug|Any CPU
		{366224DC-C4AB-4E3D-A1F1-E412A671A035}.Debug|iPhoneSimulator.ActiveCfg = Debug|Any CPU
		{366224DC-C4AB-4E3D-A1F1-E412A671A035}.Debug|Mixed Platforms.ActiveCfg = Debug|x86
		{366224DC-C4AB-4E3D-A1F1-E412A671A035}.Debug|Mixed Platforms.Build.0 = Debug|x86
		{366224DC-C4AB-4E3D-A1F1-E412A671A035}.Debug|Mixed Platforms.Deploy.0 = Debug|x86
		{366224DC-C4AB-4E3D-A1F1-E412A671A035}.Debug|x86.ActiveCfg = Debug|x86
		{366224DC-C4AB-4E3D-A1F1-E412A671A035}.Debug|x86.Build.0 = Debug|x86
		{366224DC-C4AB-4E3D-A1F1-E412A671A035}.Debug|x86.Deploy.0 = Debug|x86
		{366224DC-C4AB-4E3D-A1F1-E412A671A035}.Release|Any CPU.ActiveCfg = Release|Any CPU
		{366224DC-C4AB-4E3D-A1F1-E412A671A035}.Release|Any CPU.Build.0 = Release|Any CPU
		{366224DC-C4AB-4E3D-A1F1-E412A671A035}.Release|Any CPU.Deploy.0 = Release|Any CPU
		{366224DC-C4AB-4E3D-A1F1-E412A671A035}.Release|ARM.ActiveCfg = Release|ARM
		{366224DC-C4AB-4E3D-A1F1-E412A671A035}.Release|ARM.Build.0 = Release|ARM
		{366224DC-C4AB-4E3D-A1F1-E412A671A035}.Release|ARM.Deploy.0 = Release|ARM
		{366224DC-C4AB-4E3D-A1F1-E412A671A035}.Release|iPhone.ActiveCfg = Release|Any CPU
		{366224DC-C4AB-4E3D-A1F1-E412A671A035}.Release|iPhoneSimulator.ActiveCfg = Release|Any CPU
		{366224DC-C4AB-4E3D-A1F1-E412A671A035}.Release|Mixed Platforms.ActiveCfg = Release|x86
		{366224DC-C4AB-4E3D-A1F1-E412A671A035}.Release|Mixed Platforms.Build.0 = Release|x86
		{366224DC-C4AB-4E3D-A1F1-E412A671A035}.Release|Mixed Platforms.Deploy.0 = Release|x86
		{366224DC-C4AB-4E3D-A1F1-E412A671A035}.Release|x86.ActiveCfg = Release|x86
		{366224DC-C4AB-4E3D-A1F1-E412A671A035}.Release|x86.Build.0 = Release|x86
		{366224DC-C4AB-4E3D-A1F1-E412A671A035}.Release|x86.Deploy.0 = Release|x86
	EndGlobalSection
	GlobalSection(SolutionProperties) = preSolution
		HideSolutionNode = FALSE
	EndGlobalSection
EndGlobal
